
Microsoft Visual Studio Solution File, Format Version 12.00
# Visual Studio Version 18
VisualStudioVersion = 18.4.11519.219
MinimumVisualStudioVersion = 10.0.40219.1
Project("{FAE04EC0-301F-11D3-BF4B-00C04F79EFBC}") = "OCR.Host", "OCR\OCR.Host.csproj", "{C7015746-1B76-43C9-B5A6-F7E655C54784}"
EndProject
Project("{FAE04EC0-301F-11D3-BF4B-00C04F79EFBC}") = "OCR.Application", "OCR.Application\OCR.Application.csproj", "{A1B52417-3964-4E66-AF79-894C1F0A7D61}"
EndProject
Project("{FAE04EC0-301F-11D3-BF4B-00C04F79EFBC}") = "OCR.Infrastructure", "OCR.Infrastructure\OCR.Infrastructure.csproj", "{DA4982DC-A6E1-4293-B020-4BC20E89798D}"
EndProject
Project("{FAE04EC0-301F-11D3-BF4B-00C04F79EFBC}") = "OCR.Domain", "OCR.Domain\OCR.Domain.csproj", "{F2EB2DB0-2B51-46FC-828A-F3F3046BAB66}"
EndProject
Project("{54A90642-561A-4BB1-A94E-469ADEE60C69}") = "ocr.webui", "OCR.WebUI\ocr.webui.esproj", "{4024CA3D-E84D-8414-1D77-708B1B002EAF}"
EndProject
Global
	GlobalSection(SolutionConfigurationPlatforms) = preSolution
		Debug|Any CPU = Debug|Any CPU
		Release|Any CPU = Release|Any CPU
	EndGlobalSection
	GlobalSection(ProjectConfigurationPlatforms) = postSolution
		{C7015746-1B76-43C9-B5A6-F7E655C54784}.Debug|Any CPU.ActiveCfg = Debug|Any CPU
		{C7015746-1B76-43C9-B5A6-F7E655C54784}.Debug|Any CPU.Build.0 = Debug|Any CPU
		{C7015746-1B76-43C9-B5A6-F7E655C54784}.Release|Any CPU.ActiveCfg = Release|Any CPU
		{C7015746-1B76-43C9-B5A6-F7E655C54784}.Release|Any CPU.Build.0 = Release|Any CPU
		{A1B52417-3964-4E66-AF79-894C1F0A7D61}.Debug|Any CPU.ActiveCfg = Debug|Any CPU
		{A1B52417-3964-4E66-AF79-894C1F0A7D61}.Debug|Any CPU.Build.0 = Debug|Any CPU
		{A1B52417-3964-4E66-AF79-894C1F0A7D61}.Release|Any CPU.ActiveCfg = Release|Any CPU
		{A1B52417-3964-4E66-AF79-894C1F0A7D61}.Release|Any CPU.Build.0 = Release|Any CPU
		{DA4982DC-A6E1-4293-B020-4BC20E89798D}.Debug|Any CPU.ActiveCfg = Debug|Any CPU
		{DA4982DC-A6E1-4293-B020-4BC20E89798D}.Debug|Any CPU.Build.0 = Debug|Any CPU
		{DA4982DC-A6E1-4293-B020-4BC20E89798D}.Release|Any CPU.ActiveCfg = Release|Any CPU
		{DA4982DC-A6E1-4293-B020-4BC20E89798D}.Release|Any CPU.Build.0 = Release|Any CPU
		{F2EB2DB0-2B51-46FC-828A-F3F3046BAB66}.Debug|Any CPU.ActiveCfg = Debug|Any CPU
		{F2EB2DB0-2B51-46FC-828A-F3F3046BAB66}.Debug|Any CPU.Build.0 = Debug|Any CPU
		{F2EB2DB0-2B51-46FC-828A-F3F3046BAB66}.Release|Any CPU.ActiveCfg = Release|Any CPU
		{F2EB2DB0-2B51-46FC-828A-F3F3046BAB66}.Release|Any CPU.Build.0 = Release|Any CPU
		{4024CA3D-E84D-8414-1D77-708B1B002EAF}.Debug|Any CPU.ActiveCfg = Debug|Any CPU
		{4024CA3D-E84D-8414-1D77-708B1B002EAF}.Debug|Any CPU.Build.0 = Debug|Any CPU
		{4024CA3D-E84D-8414-1D77-708B1B002EAF}.Debug|Any CPU.Deploy.0 = Debug|Any CPU
		{4024CA3D-E84D-8414-1D77-708B1B002EAF}.Release|Any CPU.ActiveCfg = Release|Any CPU
		{4024CA3D-E84D-8414-1D77-708B1B002EAF}.Release|Any CPU.Build.0 = Release|Any CPU
		{4024CA3D-E84D-8414-1D77-708B1B002EAF}.Release|Any CPU.Deploy.0 = Release|Any CPU
	EndGlobalSection
	GlobalSection(SolutionProperties) = preSolution
		HideSolutionNode = FALSE
	EndGlobalSection
	GlobalSection(ExtensibilityGlobals) = postSolution
		SolutionGuid = {9A843660-8FE4-4FB4-9464-8633398B6988}
	EndGlobalSection
EndGlobal
